
Microsoft Visual Studio Solution File, Format Version 12.00
# Visual Studio Version 17
VisualStudioVersion = 17.11.35327.3
MinimumVisualStudioVersion = 10.0.40219.1
Project("{9A19103F-16F7-4668-BE54-9A1E7A4F7556}") = "TN01-WFCadastroContato", "TN01-WFCadastroContato\TN01-WFCadastroContato.csproj", "{74E8A5C6-7B4B-434B-A01F-444CBD634A05}"
EndProject
Project("{FAE04EC0-301F-11D3-BF4B-00C04F79EFBC}") = "WFAcesso", "WFAcesso\WFAcesso.csproj", "{8B53659D-8C8C-4F0F-9242-D3475248B0F3}"
EndProject
Project("{FAE04EC0-301F-11D3-BF4B-00C04F79EFBC}") = "WFUsandoListagem", "WFUsandoListagem\WFUsandoListagem.csproj", "{D1940207-C8CE-43D8-BC26-96680B40459F}"
EndProject
Global
	GlobalSection(SolutionConfigurationPlatforms) = preSolution
		Debug|Any CPU = Debug|Any CPU
		Release|Any CPU = Release|Any CPU
	EndGlobalSection
	GlobalSection(ProjectConfigurationPlatforms) = postSolution
		{74E8A5C6-7B4B-434B-A01F-444CBD634A05}.Debug|Any CPU.ActiveCfg = Debug|Any CPU
		{74E8A5C6-7B4B-434B-A01F-444CBD634A05}.Debug|Any CPU.Build.0 = Debug|Any CPU
		{74E8A5C6-7B4B-434B-A01F-444CBD634A05}.Release|Any CPU.ActiveCfg = Release|Any CPU
		{74E8A5C6-7B4B-434B-A01F-444CBD634A05}.Release|Any CPU.Build.0 = Release|Any CPU
		{8B53659D-8C8C-4F0F-9242-D3475248B0F3}.Debug|Any CPU.ActiveCfg = Debug|Any CPU
		{8B53659D-8C8C-4F0F-9242-D3475248B0F3}.Debug|Any CPU.Build.0 = Debug|Any CPU
		{8B53659D-8C8C-4F0F-9242-D3475248B0F3}.Release|Any CPU.ActiveCfg = Release|Any CPU
		{8B53659D-8C8C-4F0F-9242-D3475248B0F3}.Release|Any CPU.Build.0 = Release|Any CPU
		{D1940207-C8CE-43D8-BC26-96680B40459F}.Debug|Any CPU.ActiveCfg = Debug|Any CPU
		{D1940207-C8CE-43D8-BC26-96680B40459F}.Debug|Any CPU.Build.0 = Debug|Any CPU
		{D1940207-C8CE-43D8-BC26-96680B40459F}.Release|Any CPU.ActiveCfg = Release|Any CPU
		{D1940207-C8CE-43D8-BC26-96680B40459F}.Release|Any CPU.Build.0 = Release|Any CPU
	EndGlobalSection
	GlobalSection(SolutionProperties) = preSolution
		HideSolutionNode = FALSE
	EndGlobalSection
	GlobalSection(ExtensibilityGlobals) = postSolution
		SolutionGuid = {93EF36CE-CE4A-4F9C-9A4F-5ED0384A4843}
	EndGlobalSection
EndGlobal
